
Microsoft Visual Studio Solution File, Format Version 12.00
# Visual Studio Version 17
VisualStudioVersion = 17.10.35004.147
MinimumVisualStudioVersion = 10.0.40219.1
Project("{2150E333-8FDC-42A3-9474-1A3956D46DE8}") = "src", "src", "{60DF8C80-179C-4395-9D4E-28B30EF55D3E}"
EndProject
Project("{9A19103F-16F7-4668-BE54-9A1E7A4F7556}") = "Domain", "Domain\Domain.csproj", "{B58884AD-BEA0-4EDC-9D50-042074542D19}"
EndProject
Project("{9A19103F-16F7-4668-BE54-9A1E7A4F7556}") = "Application", "Application\Application.csproj", "{6DF8AE04-07C2-4B70-9E8B-B7972DA4F343}"
	ProjectSection(ProjectDependencies) = postProject
		{B58884AD-BEA0-4EDC-9D50-042074542D19} = {B58884AD-BEA0-4EDC-9D50-042074542D19}
	EndProjectSection
EndProject
Project("{9A19103F-16F7-4668-BE54-9A1E7A4F7556}") = "Infrastructure", "Infrastructure\Infrastructure.csproj", "{E91FE9E6-B74C-4ABE-87A0-33B5B27C5091}"
	ProjectSection(ProjectDependencies) = postProject
		{6DF8AE04-07C2-4B70-9E8B-B7972DA4F343} = {6DF8AE04-07C2-4B70-9E8B-B7972DA4F343}
	EndProjectSection
EndProject
Project("{9A19103F-16F7-4668-BE54-9A1E7A4F7556}") = "WebAPI", "WebAPI\WebAPI.csproj", "{C1723EDF-0A8C-40AC-B445-105D54ED5151}"
EndProject
Project("{2150E333-8FDC-42A3-9474-1A3956D46DE8}") = "test", "test", "{9F4115A7-E429-4C14-A18A-443B02FC9709}"
EndProject
Project("{9A19103F-16F7-4668-BE54-9A1E7A4F7556}") = "Infrastructure.Tests", "Infrastructure.Tests\Infrastructure.Tests.csproj", "{F04C4391-0053-460B-88F1-ED8130CD08B2}"
EndProject
Project("{9A19103F-16F7-4668-BE54-9A1E7A4F7556}") = "Application.Tests", "Application.Tests\Application.Tests.csproj", "{53D95E61-B1CC-4709-81B9-456516B53181}"
EndProject
Global
	GlobalSection(SolutionConfigurationPlatforms) = preSolution
		Debug|Any CPU = Debug|Any CPU
		Release|Any CPU = Release|Any CPU
	EndGlobalSection
	GlobalSection(ProjectConfigurationPlatforms) = postSolution
		{B58884AD-BEA0-4EDC-9D50-042074542D19}.Debug|Any CPU.ActiveCfg = Debug|Any CPU
		{B58884AD-BEA0-4EDC-9D50-042074542D19}.Debug|Any CPU.Build.0 = Debug|Any CPU
		{B58884AD-BEA0-4EDC-9D50-042074542D19}.Release|Any CPU.ActiveCfg = Release|Any CPU
		{B58884AD-BEA0-4EDC-9D50-042074542D19}.Release|Any CPU.Build.0 = Release|Any CPU
		{6DF8AE04-07C2-4B70-9E8B-B7972DA4F343}.Debug|Any CPU.ActiveCfg = Debug|Any CPU
		{6DF8AE04-07C2-4B70-9E8B-B7972DA4F343}.Debug|Any CPU.Build.0 = Debug|Any CPU
		{6DF8AE04-07C2-4B70-9E8B-B7972DA4F343}.Release|Any CPU.ActiveCfg = Release|Any CPU
		{6DF8AE04-07C2-4B70-9E8B-B7972DA4F343}.Release|Any CPU.Build.0 = Release|Any CPU
		{E91FE9E6-B74C-4ABE-87A0-33B5B27C5091}.Debug|Any CPU.ActiveCfg = Debug|Any CPU
		{E91FE9E6-B74C-4ABE-87A0-33B5B27C5091}.Debug|Any CPU.Build.0 = Debug|Any CPU
		{E91FE9E6-B74C-4ABE-87A0-33B5B27C5091}.Release|Any CPU.ActiveCfg = Release|Any CPU
		{E91FE9E6-B74C-4ABE-87A0-33B5B27C5091}.Release|Any CPU.Build.0 = Release|Any CPU
		{C1723EDF-0A8C-40AC-B445-105D54ED5151}.Debug|Any CPU.ActiveCfg = Debug|Any CPU
		{C1723EDF-0A8C-40AC-B445-105D54ED5151}.Debug|Any CPU.Build.0 = Debug|Any CPU
		{C1723EDF-0A8C-40AC-B445-105D54ED5151}.Release|Any CPU.ActiveCfg = Release|Any CPU
		{C1723EDF-0A8C-40AC-B445-105D54ED5151}.Release|Any CPU.Build.0 = Release|Any CPU
		{F04C4391-0053-460B-88F1-ED8130CD08B2}.Debug|Any CPU.ActiveCfg = Debug|Any CPU
		{F04C4391-0053-460B-88F1-ED8130CD08B2}.Debug|Any CPU.Build.0 = Debug|Any CPU
		{F04C4391-0053-460B-88F1-ED8130CD08B2}.Release|Any CPU.ActiveCfg = Release|Any CPU
		{F04C4391-0053-460B-88F1-ED8130CD08B2}.Release|Any CPU.Build.0 = Release|Any CPU
		{53D95E61-B1CC-4709-81B9-456516B53181}.Debug|Any CPU.ActiveCfg = Debug|Any CPU
		{53D95E61-B1CC-4709-81B9-456516B53181}.Debug|Any CPU.Build.0 = Debug|Any CPU
		{53D95E61-B1CC-4709-81B9-456516B53181}.Release|Any CPU.ActiveCfg = Release|Any CPU
		{53D95E61-B1CC-4709-81B9-456516B53181}.Release|Any CPU.Build.0 = Release|Any CPU
	EndGlobalSection
	GlobalSection(SolutionProperties) = preSolution
		HideSolutionNode = FALSE
	EndGlobalSection
	GlobalSection(NestedProjects) = preSolution
		{B58884AD-BEA0-4EDC-9D50-042074542D19} = {60DF8C80-179C-4395-9D4E-28B30EF55D3E}
		{6DF8AE04-07C2-4B70-9E8B-B7972DA4F343} = {60DF8C80-179C-4395-9D4E-28B30EF55D3E}
		{E91FE9E6-B74C-4ABE-87A0-33B5B27C5091} = {60DF8C80-179C-4395-9D4E-28B30EF55D3E}
		{C1723EDF-0A8C-40AC-B445-105D54ED5151} = {60DF8C80-179C-4395-9D4E-28B30EF55D3E}
		{F04C4391-0053-460B-88F1-ED8130CD08B2} = {9F4115A7-E429-4C14-A18A-443B02FC9709}
		{53D95E61-B1CC-4709-81B9-456516B53181} = {9F4115A7-E429-4C14-A18A-443B02FC9709}
	EndGlobalSection
	GlobalSection(ExtensibilityGlobals) = postSolution
		SolutionGuid = {1B45829A-1CFE-4C03-8680-DDE748E62D17}
	EndGlobalSection
EndGlobal
